
Microsoft Visual Studio Solution File, Format Version 12.00
# Visual Studio Version 16
VisualStudioVersion = 16.0.31005.135
MinimumVisualStudioVersion = 10.0.40219.1
Project("{FAE04EC0-301F-11D3-BF4B-00C04F79EFBC}") = "Cosmos-1", "Cosmos-1.csproj", "{A07962A1-FF2A-41AA-A641-0568C2FAF4A2}"
EndProject
Global
	GlobalSection(SolutionConfigurationPlatforms) = preSolution
		Debug|Any CPU = Debug|Any CPU
		Release|Any CPU = Release|Any CPU
	EndGlobalSection
	GlobalSection(ProjectConfigurationPlatforms) = postSolution
		{A07962A1-FF2A-41AA-A641-0568C2FAF4A2}.Debug|Any CPU.ActiveCfg = Debug|Any CPU
		{A07962A1-FF2A-41AA-A641-0568C2FAF4A2}.Debug|Any CPU.Build.0 = Debug|Any CPU
		{A07962A1-FF2A-41AA-A641-0568C2FAF4A2}.Release|Any CPU.ActiveCfg = Release|Any CPU
		{A07962A1-FF2A-41AA-A641-0568C2FAF4A2}.Release|Any CPU.Build.0 = Release|Any CPU
	EndGlobalSection
	GlobalSection(SolutionProperties) = preSolution
		HideSolutionNode = FALSE
	EndGlobalSection
	GlobalSection(ExtensibilityGlobals) = postSolution
		SolutionGuid = {2B36AB54-111C-4848-B43E-DF3A435E86D5}
	EndGlobalSection
EndGlobal
